
Microsoft Visual Studio Solution File, Format Version 12.00
# Visual Studio Version 17
VisualStudioVersion = 17.10.34928.147
MinimumVisualStudioVersion = 10.0.40219.1
Project("{FAE04EC0-301F-11D3-BF4B-00C04F79EFBC}") = "Module_05", "Module_05\Module_05.csproj", "{FE7E93EF-281D-4201-BBB7-83EE2F3319E7}"
EndProject
Global
	GlobalSection(SolutionConfigurationPlatforms) = preSolution
		Debug|Any CPU = Debug|Any CPU
		Release|Any CPU = Release|Any CPU
	EndGlobalSection
	GlobalSection(ProjectConfigurationPlatforms) = postSolution
		{FE7E93EF-281D-4201-BBB7-83EE2F3319E7}.Debug|Any CPU.ActiveCfg = Debug|Any CPU
		{FE7E93EF-281D-4201-BBB7-83EE2F3319E7}.Debug|Any CPU.Build.0 = Debug|Any CPU
		{FE7E93EF-281D-4201-BBB7-83EE2F3319E7}.Release|Any CPU.ActiveCfg = Release|Any CPU
		{FE7E93EF-281D-4201-BBB7-83EE2F3319E7}.Release|Any CPU.Build.0 = Release|Any CPU
	EndGlobalSection
	GlobalSection(SolutionProperties) = preSolution
		HideSolutionNode = FALSE
	EndGlobalSection
	GlobalSection(ExtensibilityGlobals) = postSolution
		SolutionGuid = {494D4096-F6A5-4AB4-B31D-7172CB76673F}
	EndGlobalSection
EndGlobal
